
Microsoft Visual Studio Solution File, Format Version 12.00
# Visual Studio Version 17
VisualStudioVersion = 17.8.34511.84
MinimumVisualStudioVersion = 10.0.40219.1
Project("{FAE04EC0-301F-11D3-BF4B-00C04F79EFBC}") = "DevsFrella.API", "DevsFrella.API\DevsFrella.API.csproj", "{C38304A2-A1D0-4BCA-94C2-6CCB0E597DB0}"
EndProject
Project("{FAE04EC0-301F-11D3-BF4B-00C04F79EFBC}") = "DevsFreela.Core", "DevsFreela.Core\DevsFreela.Core.csproj", "{7386A3AA-AD54-4D21-9AC4-5CA23B085C10}"
EndProject
Global
	GlobalSection(SolutionConfigurationPlatforms) = preSolution
		Debug|Any CPU = Debug|Any CPU
		Release|Any CPU = Release|Any CPU
	EndGlobalSection
	GlobalSection(ProjectConfigurationPlatforms) = postSolution
		{C38304A2-A1D0-4BCA-94C2-6CCB0E597DB0}.Debug|Any CPU.ActiveCfg = Debug|Any CPU
		{C38304A2-A1D0-4BCA-94C2-6CCB0E597DB0}.Debug|Any CPU.Build.0 = Debug|Any CPU
		{C38304A2-A1D0-4BCA-94C2-6CCB0E597DB0}.Release|Any CPU.ActiveCfg = Release|Any CPU
		{C38304A2-A1D0-4BCA-94C2-6CCB0E597DB0}.Release|Any CPU.Build.0 = Release|Any CPU
		{7386A3AA-AD54-4D21-9AC4-5CA23B085C10}.Debug|Any CPU.ActiveCfg = Debug|Any CPU
		{7386A3AA-AD54-4D21-9AC4-5CA23B085C10}.Debug|Any CPU.Build.0 = Debug|Any CPU
		{7386A3AA-AD54-4D21-9AC4-5CA23B085C10}.Release|Any CPU.ActiveCfg = Release|Any CPU
		{7386A3AA-AD54-4D21-9AC4-5CA23B085C10}.Release|Any CPU.Build.0 = Release|Any CPU
	EndGlobalSection
	GlobalSection(SolutionProperties) = preSolution
		HideSolutionNode = FALSE
	EndGlobalSection
	GlobalSection(ExtensibilityGlobals) = postSolution
		SolutionGuid = {54E0EBF5-D16B-4D1A-ADA4-7DAC03F8AE33}
	EndGlobalSection
EndGlobal
